
Microsoft Visual Studio Solution File, Format Version 12.00
# Visual Studio Version 16
VisualStudioVersion = 16.0.31702.278
MinimumVisualStudioVersion = 10.0.40219.1
Project("{FAE04EC0-301F-11D3-BF4B-00C04F79EFBC}") = "ResimdekiVeriyiOkuma", "ResimdekiVeriyiOkuma\ResimdekiVeriyiOkuma.csproj", "{0824E4D3-5CCD-42F2-A35A-B05F801D3FEB}"
EndProject
Global
	GlobalSection(SolutionConfigurationPlatforms) = preSolution
		Debug|Any CPU = Debug|Any CPU
		Release|Any CPU = Release|Any CPU
	EndGlobalSection
	GlobalSection(ProjectConfigurationPlatforms) = postSolution
		{0824E4D3-5CCD-42F2-A35A-B05F801D3FEB}.Debug|Any CPU.ActiveCfg = Debug|Any CPU
		{0824E4D3-5CCD-42F2-A35A-B05F801D3FEB}.Debug|Any CPU.Build.0 = Debug|Any CPU
		{0824E4D3-5CCD-42F2-A35A-B05F801D3FEB}.Release|Any CPU.ActiveCfg = Release|Any CPU
		{0824E4D3-5CCD-42F2-A35A-B05F801D3FEB}.Release|Any CPU.Build.0 = Release|Any CPU
	EndGlobalSection
	GlobalSection(SolutionProperties) = preSolution
		HideSolutionNode = FALSE
	EndGlobalSection
	GlobalSection(ExtensibilityGlobals) = postSolution
		SolutionGuid = {562FBFB8-CA0B-40F9-A995-1BBF9E18DB8C}
	EndGlobalSection
EndGlobal
